<?xml version="1.0" encoding="utf-8"?>
<Project ToolsVersion="4.0" xmlns="http://schemas.microsoft.com/developer/msbuild/2003">
  <ItemGroup>
    <Filter Include="db">
      <UniqueIdentifier>{7254ee6e-d393-41ae-9d89-b32b80b87489}</UniqueIdentifier>
    </Filter>
    <Filter Include="include">
      <UniqueIdentifier>{ea3dd615-0d9e-4fa2-963d-ccee98fb780a}</UniqueIdentifier>
    </Filter>
    <Filter Include="port">
      <UniqueIdentifier>{17db8911-bd04-4aee-bce1-c5a81069faeb}</UniqueIdentifier>
    </Filter>
    <Filter Include="snappy">
      <UniqueIdentifier>{9ce859df-8dc2-4871-9f6e-31ab1f6a9173}</UniqueIdentifier>
    </Filter>
    <Filter Include="table">
      <UniqueIdentifier>{1dbc7236-a06b-4a67-b7ce-22d7a9574b21}</UniqueIdentifier>
    </Filter>
    <Filter Include="util">
      <UniqueIdentifier>{9eb7f993-9a91-4b61-9458-2616181004f3}</UniqueIdentifier>
    </Filter>
  </ItemGroup>
  <ItemGroup>
    <ClCompile Include="db\builder.cc">
      <Filter>db</Filter>
    </ClCompile>
    <ClCompile Include="db\c.cc">
      <Filter>db</Filter>
    </ClCompile>
    <ClCompile Include="db\db_impl.cc">
      <Filter>db</Filter>
    </ClCompile>
    <ClCompile Include="db\db_iter.cc">
      <Filter>db</Filter>
    </ClCompile>
    <ClCompile Include="db\dbformat.cc">
      <Filter>db</Filter>
    </ClCompile>
    <ClCompile Include="db\dumpfile.cc">
      <Filter>db</Filter>
    </ClCompile>
    <ClCompile Include="db\filename.cc">
      <Filter>db</Filter>
    </ClCompile>
    <ClCompile Include="db\log_reader.cc">
      <Filter>db</Filter>
    </ClCompile>
    <ClCompile Include="db\log_writer.cc">
      <Filter>db</Filter>
    </ClCompile>
    <ClCompile Include="db\memtable.cc">
      <Filter>db</Filter>
    </ClCompile>
    <ClCompile Include="db\repair.cc">
      <Filter>db</Filter>
    </ClCompile>
    <ClCompile Include="db\table_cache.cc">
      <Filter>db</Filter>
    </ClCompile>
    <ClCompile Include="db\version_edit.cc">
      <Filter>db</Filter>
    </ClCompile>
    <ClCompile Include="db\version_set.cc">
      <Filter>db</Filter>
    </ClCompile>
    <ClCompile Include="db\write_batch.cc">
      <Filter>db</Filter>
    </ClCompile>
    <ClCompile Include="snappy\snappy.cc">
      <Filter>snappy</Filter>
    </ClCompile>
    <ClCompile Include="snappy\snappy-sinksource.cc">
      <Filter>snappy</Filter>
    </ClCompile>
    <ClCompile Include="snappy\snappy-stubs-internal.cc">
      <Filter>snappy</Filter>
    </ClCompile>
    <ClCompile Include="table\block.cc">
      <Filter>table</Filter>
    </ClCompile>
    <ClCompile Include="table\block_builder.cc">
      <Filter>table</Filter>
    </ClCompile>
    <ClCompile Include="table\filter_block.cc">
      <Filter>table</Filter>
    </ClCompile>
    <ClCompile Include="table\format.cc">
      <Filter>table</Filter>
    </ClCompile>
    <ClCompile Include="table\iterator.cc">
      <Filter>table</Filter>
    </ClCompile>
    <ClCompile Include="table\merger.cc">
      <Filter>table</Filter>
    </ClCompile>
    <ClCompile Include="table\table.cc">
      <Filter>table</Filter>
    </ClCompile>
    <ClCompile Include="table\table_builder.cc">
      <Filter>table</Filter>
    </ClCompile>
    <ClCompile Include="table\two_level_iterator.cc">
      <Filter>table</Filter>
    </ClCompile>
    <ClCompile Include="util\arena.cc">
      <Filter>util</Filter>
    </ClCompile>
    <ClCompile Include="util\bloom.cc">
      <Filter>util</Filter>
    </ClCompile>
    <ClCompile Include="util\cache.cc">
      <Filter>util</Filter>
    </ClCompile>
    <ClCompile Include="util\coding.cc">
      <Filter>util</Filter>
    </ClCompile>
    <ClCompile Include="util\comparator.cc">
      <Filter>util</Filter>
    </ClCompile>
    <ClCompile Include="util\crc32c.cc">
      <Filter>util</Filter>
    </ClCompile>
    <ClCompile Include="util\env.cc">
      <Filter>util</Filter>
    </ClCompile>
    <ClCompile Include="util\env_windows.cc">
      <Filter>util</Filter>
    </ClCompile>
    <ClCompile Include="util\filter_policy.cc">
      <Filter>util</Filter>
    </ClCompile>
    <ClCompile Include="util\hash.cc">
      <Filter>util</Filter>
    </ClCompile>
    <ClCompile Include="util\histogram.cc">
      <Filter>util</Filter>
    </ClCompile>
    <ClCompile Include="util\jni.cc">
      <Filter>util</Filter>
    </ClCompile>
    <ClCompile Include="util\logging.cc">
      <Filter>util</Filter>
    </ClCompile>
    <ClCompile Include="util\options.cc">
      <Filter>util</Filter>
    </ClCompile>
    <ClCompile Include="util\status.cc">
      <Filter>util</Filter>
    </ClCompile>
    <ClCompile Include="port\port_posix.cc">
      <Filter>port</Filter>
    </ClCompile>
    <ClCompile Include="port\port_posix_sse.cc">
      <Filter>port</Filter>
    </ClCompile>
  </ItemGroup>
  <ItemGroup>
    <ClInclude Include="db\builder.h">
      <Filter>db</Filter>
    </ClInclude>
    <ClInclude Include="db\db_impl.h">
      <Filter>db</Filter>
    </ClInclude>
    <ClInclude Include="db\db_iter.h">
      <Filter>db</Filter>
    </ClInclude>
    <ClInclude Include="db\dbformat.h">
      <Filter>db</Filter>
    </ClInclude>
    <ClInclude Include="db\filename.h">
      <Filter>db</Filter>
    </ClInclude>
    <ClInclude Include="db\log_format.h">
      <Filter>db</Filter>
    </ClInclude>
    <ClInclude Include="db\log_reader.h">
      <Filter>db</Filter>
    </ClInclude>
    <ClInclude Include="db\log_writer.h">
      <Filter>db</Filter>
    </ClInclude>
    <ClInclude Include="db\memtable.h">
      <Filter>db</Filter>
    </ClInclude>
    <ClInclude Include="db\skiplist.h">
      <Filter>db</Filter>
    </ClInclude>
    <ClInclude Include="db\snapshot.h">
      <Filter>db</Filter>
    </ClInclude>
    <ClInclude Include="db\table_cache.h">
      <Filter>db</Filter>
    </ClInclude>
    <ClInclude Include="db\version_edit.h">
      <Filter>db</Filter>
    </ClInclude>
    <ClInclude Include="db\version_set.h">
      <Filter>db</Filter>
    </ClInclude>
    <ClInclude Include="db\write_batch_internal.h">
      <Filter>db</Filter>
    </ClInclude>
    <ClInclude Include="include\leveldb\c.h">
      <Filter>include</Filter>
    </ClInclude>
    <ClInclude Include="include\leveldb\cache.h">
      <Filter>include</Filter>
    </ClInclude>
    <ClInclude Include="include\leveldb\comparator.h">
      <Filter>include</Filter>
    </ClInclude>
    <ClInclude Include="include\leveldb\db.h">
      <Filter>include</Filter>
    </ClInclude>
    <ClInclude Include="include\leveldb\dumpfile.h">
      <Filter>include</Filter>
    </ClInclude>
    <ClInclude Include="include\leveldb\env.h">
      <Filter>include</Filter>
    </ClInclude>
    <ClInclude Include="include\leveldb\filter_policy.h">
      <Filter>include</Filter>
    </ClInclude>
    <ClInclude Include="include\leveldb\iterator.h">
      <Filter>include</Filter>
    </ClInclude>
    <ClInclude Include="include\leveldb\options.h">
      <Filter>include</Filter>
    </ClInclude>
    <ClInclude Include="include\leveldb\slice.h">
      <Filter>include</Filter>
    </ClInclude>
    <ClInclude Include="include\leveldb\status.h">
      <Filter>include</Filter>
    </ClInclude>
    <ClInclude Include="include\leveldb\table.h">
      <Filter>include</Filter>
    </ClInclude>
    <ClInclude Include="include\leveldb\table_builder.h">
      <Filter>include</Filter>
    </ClInclude>
    <ClInclude Include="include\leveldb\write_batch.h">
      <Filter>include</Filter>
    </ClInclude>
    <ClInclude Include="port\port.h">
      <Filter>port</Filter>
    </ClInclude>
    <ClInclude Include="snappy\snappy.h">
      <Filter>snappy</Filter>
    </ClInclude>
    <ClInclude Include="snappy\snappy-internal.h">
      <Filter>snappy</Filter>
    </ClInclude>
    <ClInclude Include="snappy\snappy-sinksource.h">
      <Filter>snappy</Filter>
    </ClInclude>
    <ClInclude Include="snappy\snappy-stubs-internal.h">
      <Filter>snappy</Filter>
    </ClInclude>
    <ClInclude Include="snappy\snappy-stubs-public.h">
      <Filter>snappy</Filter>
    </ClInclude>
    <ClInclude Include="table\block.h">
      <Filter>table</Filter>
    </ClInclude>
    <ClInclude Include="table\block_builder.h">
      <Filter>table</Filter>
    </ClInclude>
    <ClInclude Include="table\filter_block.h">
      <Filter>table</Filter>
    </ClInclude>
    <ClInclude Include="table\format.h">
      <Filter>table</Filter>
    </ClInclude>
    <ClInclude Include="table\iterator_wrapper.h">
      <Filter>table</Filter>
    </ClInclude>
    <ClInclude Include="table\merger.h">
      <Filter>table</Filter>
    </ClInclude>
    <ClInclude Include="table\two_level_iterator.h">
      <Filter>table</Filter>
    </ClInclude>
    <ClInclude Include="util\arena.h">
      <Filter>util</Filter>
    </ClInclude>
    <ClInclude Include="util\coding.h">
      <Filter>util</Filter>
    </ClInclude>
    <ClInclude Include="util\crc32c.h">
      <Filter>util</Filter>
    </ClInclude>
    <ClInclude Include="util\hash.h">
      <Filter>util</Filter>
    </ClInclude>
    <ClInclude Include="util\histogram.h">
      <Filter>util</Filter>
    </ClInclude>
    <ClInclude Include="util\logging.h">
      <Filter>util</Filter>
    </ClInclude>
    <ClInclude Include="util\mutexlock.h">
      <Filter>util</Filter>
    </ClInclude>
    <ClInclude Include="util\random.h">
      <Filter>util</Filter>
    </ClInclude>
    <ClInclude Include="port\atomic_pointer.h">
      <Filter>port</Filter>
    </ClInclude>
    <ClInclude Include="port\endian.h">
      <Filter>port</Filter>
    </ClInclude>
    <ClInclude Include="port\port_posix.h">
      <Filter>port</Filter>
    </ClInclude>
    <ClInclude Include="port\thread_annotations.h">
      <Filter>port</Filter>
    </ClInclude>
  </ItemGroup>
</Project>